
Microsoft Visual Studio Solution File, Format Version 12.00
# Visual Studio Version 16
VisualStudioVersion = 16.0.31313.79
MinimumVisualStudioVersion = 10.0.40219.1
Project("{FAE04EC0-301F-11D3-BF4B-00C04F79EFBC}") = "ASP-Razor-Movies", "ASP-Razor-Movies.csproj", "{5C9C961A-3DB5-43C8-82D0-E216B1A93452}"
EndProject
Global
	GlobalSection(SolutionConfigurationPlatforms) = preSolution
		Debug|Any CPU = Debug|Any CPU
		Release|Any CPU = Release|Any CPU
	EndGlobalSection
	GlobalSection(ProjectConfigurationPlatforms) = postSolution
		{5C9C961A-3DB5-43C8-82D0-E216B1A93452}.Debug|Any CPU.ActiveCfg = Debug|Any CPU
		{5C9C961A-3DB5-43C8-82D0-E216B1A93452}.Debug|Any CPU.Build.0 = Debug|Any CPU
		{5C9C961A-3DB5-43C8-82D0-E216B1A93452}.Release|Any CPU.ActiveCfg = Release|Any CPU
		{5C9C961A-3DB5-43C8-82D0-E216B1A93452}.Release|Any CPU.Build.0 = Release|Any CPU
	EndGlobalSection
	GlobalSection(SolutionProperties) = preSolution
		HideSolutionNode = FALSE
	EndGlobalSection
	GlobalSection(ExtensibilityGlobals) = postSolution
		SolutionGuid = {271E34A0-CF4D-44CC-A64D-3A694B761C89}
	EndGlobalSection
EndGlobal
